
Microsoft Visual Studio Solution File, Format Version 12.00
# Visual Studio Version 16
VisualStudioVersion = 16.0.28721.148
MinimumVisualStudioVersion = 10.0.40219.1
Project("{FAE04EC0-301F-11D3-BF4B-00C04F79EFBC}") = "CloudFrontLogParserDemo", "CloudFrontLogParserDemo\CloudFrontLogParserDemo.csproj", "{4BE63552-17CF-4F9C-AE5D-00BF79200065}"
EndProject
Global
	GlobalSection(SolutionConfigurationPlatforms) = preSolution
		Debug|Any CPU = Debug|Any CPU
		Release|Any CPU = Release|Any CPU
	EndGlobalSection
	GlobalSection(ProjectConfigurationPlatforms) = postSolution
		{4BE63552-17CF-4F9C-AE5D-00BF79200065}.Debug|Any CPU.ActiveCfg = Debug|Any CPU
		{4BE63552-17CF-4F9C-AE5D-00BF79200065}.Debug|Any CPU.Build.0 = Debug|Any CPU
		{4BE63552-17CF-4F9C-AE5D-00BF79200065}.Release|Any CPU.ActiveCfg = Release|Any CPU
		{4BE63552-17CF-4F9C-AE5D-00BF79200065}.Release|Any CPU.Build.0 = Release|Any CPU
	EndGlobalSection
	GlobalSection(SolutionProperties) = preSolution
		HideSolutionNode = FALSE
	EndGlobalSection
	GlobalSection(ExtensibilityGlobals) = postSolution
		SolutionGuid = {64BFA40E-F70B-4AB4-99CB-4CC66A0E5BBA}
	EndGlobalSection
EndGlobal
